
Microsoft Visual Studio Solution File, Format Version 12.00
# Visual Studio 15
VisualStudioVersion = 15.0.28010.2046
MinimumVisualStudioVersion = 10.0.40219.1
Project("{2150E333-8FDC-42A3-9474-1A3956D46DE8}") = "src", "src", "{91C9EAA2-86EA-4259-9852-119EB686DAF2}"
EndProject
Project("{9A19103F-16F7-4668-BE54-9A1E7A4F7556}") = "Saki", "src\Saki\Saki.csproj", "{2E539DB2-1E22-49D2-82D9-B0950A301480}"
EndProject
Project("{9A19103F-16F7-4668-BE54-9A1E7A4F7556}") = "Saki.Common", "src\Saki.Common\Saki.Common.csproj", "{531E469A-8FC1-4845-8D9F-B0B5D23345C3}"
EndProject
Project("{2150E333-8FDC-42A3-9474-1A3956D46DE8}") = "Extensions", "Extensions", "{8FB36B68-91C3-4423-B520-6C467E9E75CE}"
EndProject
Project("{9A19103F-16F7-4668-BE54-9A1E7A4F7556}") = "Saki.Core", "src\Saki.Core\Saki.Core.csproj", "{1A03909A-7C27-4F21-97F7-3484F93C6D5D}"
EndProject
Project("{2150E333-8FDC-42A3-9474-1A3956D46DE8}") = "SakiProject", "SakiProject", "{4581BFAE-AF2C-4860-A734-826978AAD69E}"
EndProject
Project("{9A19103F-16F7-4668-BE54-9A1E7A4F7556}") = "Saki.Extensions.SakiProject", "src\Extensions\SakiProject\Saki.Extensions.SakiProject\Saki.Extensions.SakiProject.csproj", "{B91A4860-8CF5-4607-99D5-AA277414AA4A}"
EndProject
Project("{9A19103F-16F7-4668-BE54-9A1E7A4F7556}") = "Saki.Console", "src\Saki.Console\Saki.Console.csproj", "{118C61C0-A14F-431C-85B1-2E0DAFC19CA4}"
EndProject
Project("{2150E333-8FDC-42A3-9474-1A3956D46DE8}") = "TreeRepositories", "TreeRepositories", "{017DFE2E-43EE-4C58-A7EE-2D6B87D10CE9}"
EndProject
Project("{9A19103F-16F7-4668-BE54-9A1E7A4F7556}") = "Saki.FileSystemTreeRepository", "src\TreeRepositories\Saki.FileSystemTreeRepository\Saki.FileSystemTreeRepository.csproj", "{33ACE534-8A52-41FD-AB29-4D90C676CCE0}"
EndProject
Project("{9A19103F-16F7-4668-BE54-9A1E7A4F7556}") = "Saki.Common.SakiTreeItems", "src\Saki.Common.SakiTreeItems\Saki.Common.SakiTreeItems.csproj", "{2D43A723-04FE-488E-98AE-F59EA0315CE8}"
EndProject
Project("{9A19103F-16F7-4668-BE54-9A1E7A4F7556}") = "Saki.Common.Commands", "src\Saki.Common.Commands\Saki.Common.Commands.csproj", "{A2A2ABD7-A7E0-4EB8-9E4E-D6BEA261C202}"
EndProject
Project("{9A19103F-16F7-4668-BE54-9A1E7A4F7556}") = "Saki.Z.Console", "src\Saki.Z.Console\Saki.Z.Console.csproj", "{A12ED0EE-2C15-4113-89BD-0A824787D527}"
EndProject
Project("{9A19103F-16F7-4668-BE54-9A1E7A4F7556}") = "Saki.Framework", "src\Saki.Framework\Saki.Framework.csproj", "{F22B0F30-C28E-4E23-B11A-B9A6DBB0208F}"
EndProject
Project("{2150E333-8FDC-42A3-9474-1A3956D46DE8}") = "trash", "trash", "{456B9609-0A67-4FBF-AB42-893D98AC0ECB}"
EndProject
Project("{2150E333-8FDC-42A3-9474-1A3956D46DE8}") = "ExtLoaders", "ExtLoaders", "{3B19A80C-85C0-44FB-B686-AE81FA9DA9B4}"
EndProject
Project("{FAE04EC0-301F-11D3-BF4B-00C04F79EFBC}") = "Saki.Framework.NetCoreExtensionsLoader", "src\ExtLoaders\Saki.Framework.NetCoreExtensionsLoader\Saki.Framework.NetCoreExtensionsLoader.csproj", "{3B109763-196A-408A-AB51-8BCBDA0EBE5B}"
EndProject
Project("{2150E333-8FDC-42A3-9474-1A3956D46DE8}") = "sample", "sample", "{DF0607EB-D291-498A-8A21-C360F485B6A0}"
EndProject
Project("{FAE04EC0-301F-11D3-BF4B-00C04F79EFBC}") = "SampleExtension", "src\sample\SampleExtension\SampleExtension.csproj", "{D2CBC0B8-53CF-4D30-BD70-89D48C6528F9}"
EndProject
Project("{2150E333-8FDC-42A3-9474-1A3956D46DE8}") = "test", "test", "{58A5DE3C-61D0-40FB-9981-6150C38C0332}"
EndProject
Project("{FAE04EC0-301F-11D3-BF4B-00C04F79EFBC}") = "NetCore.TestConsole", "src\test\NetCore.TestConsole\NetCore.TestConsole.csproj", "{06712AF6-89A0-4D3E-A427-4A6AF5E316C1}"
EndProject
Project("{FAE04EC0-301F-11D3-BF4B-00C04F79EFBC}") = "Saki.Framework.NetExtensionsLoader", "src\ExtLoaders\Saki.Framework.NetExtensionsLoader\Saki.Framework.NetExtensionsLoader.csproj", "{00BBC4EF-2867-4CAD-B324-3825BE31C04C}"
EndProject
Project("{FAE04EC0-301F-11D3-BF4B-00C04F79EFBC}") = "Net.TestConsole", "src\test\Net.TestConsole\Net.TestConsole.csproj", "{6C9902E6-F9C6-4555-9762-93DB1B0A56C1}"
EndProject
Project("{FAE04EC0-301F-11D3-BF4B-00C04F79EFBC}") = "SampleExtensionWithDependency", "src\sample\SampleExtensionWithDependency\SampleExtensionWithDependency.csproj", "{63112C9F-501E-4794-8AD7-45F548216B06}"
EndProject
Project("{2150E333-8FDC-42A3-9474-1A3956D46DE8}") = "TreeStorages", "TreeStorages", "{D4B6ADA6-6405-47B5-8987-5D13C0B91CD0}"
EndProject
Project("{FAE04EC0-301F-11D3-BF4B-00C04F79EFBC}") = "Saki.TreeStorage.FileSystemStorage", "src\TreeStorages\Saki.TreeStorage.FileSystemStorage\Saki.TreeStorage.FileSystemStorage.csproj", "{40F64215-35FA-4850-9015-A171E3D23993}"
EndProject
Project("{FAE04EC0-301F-11D3-BF4B-00C04F79EFBC}") = "Saki.Framework.Services", "src\Saki.Framework.Services\Saki.Framework.Services.csproj", "{1B20C2AC-55D2-4B19-B3C8-1BA8BF01D544}"
EndProject
Global
	GlobalSection(SolutionConfigurationPlatforms) = preSolution
		Debug|Any CPU = Debug|Any CPU
		Release|Any CPU = Release|Any CPU
	EndGlobalSection
	GlobalSection(ProjectConfigurationPlatforms) = postSolution
		{2E539DB2-1E22-49D2-82D9-B0950A301480}.Debug|Any CPU.ActiveCfg = Debug|Any CPU
		{2E539DB2-1E22-49D2-82D9-B0950A301480}.Debug|Any CPU.Build.0 = Debug|Any CPU
		{2E539DB2-1E22-49D2-82D9-B0950A301480}.Release|Any CPU.ActiveCfg = Release|Any CPU
		{2E539DB2-1E22-49D2-82D9-B0950A301480}.Release|Any CPU.Build.0 = Release|Any CPU
		{531E469A-8FC1-4845-8D9F-B0B5D23345C3}.Debug|Any CPU.ActiveCfg = Debug|Any CPU
		{531E469A-8FC1-4845-8D9F-B0B5D23345C3}.Debug|Any CPU.Build.0 = Debug|Any CPU
		{531E469A-8FC1-4845-8D9F-B0B5D23345C3}.Release|Any CPU.ActiveCfg = Release|Any CPU
		{531E469A-8FC1-4845-8D9F-B0B5D23345C3}.Release|Any CPU.Build.0 = Release|Any CPU
		{1A03909A-7C27-4F21-97F7-3484F93C6D5D}.Debug|Any CPU.ActiveCfg = Debug|Any CPU
		{1A03909A-7C27-4F21-97F7-3484F93C6D5D}.Debug|Any CPU.Build.0 = Debug|Any CPU
		{1A03909A-7C27-4F21-97F7-3484F93C6D5D}.Release|Any CPU.ActiveCfg = Release|Any CPU
		{1A03909A-7C27-4F21-97F7-3484F93C6D5D}.Release|Any CPU.Build.0 = Release|Any CPU
		{B91A4860-8CF5-4607-99D5-AA277414AA4A}.Debug|Any CPU.ActiveCfg = Debug|Any CPU
		{B91A4860-8CF5-4607-99D5-AA277414AA4A}.Debug|Any CPU.Build.0 = Debug|Any CPU
		{B91A4860-8CF5-4607-99D5-AA277414AA4A}.Release|Any CPU.ActiveCfg = Release|Any CPU
		{B91A4860-8CF5-4607-99D5-AA277414AA4A}.Release|Any CPU.Build.0 = Release|Any CPU
		{118C61C0-A14F-431C-85B1-2E0DAFC19CA4}.Debug|Any CPU.ActiveCfg = Debug|Any CPU
		{118C61C0-A14F-431C-85B1-2E0DAFC19CA4}.Debug|Any CPU.Build.0 = Debug|Any CPU
		{118C61C0-A14F-431C-85B1-2E0DAFC19CA4}.Release|Any CPU.ActiveCfg = Release|Any CPU
		{118C61C0-A14F-431C-85B1-2E0DAFC19CA4}.Release|Any CPU.Build.0 = Release|Any CPU
		{33ACE534-8A52-41FD-AB29-4D90C676CCE0}.Debug|Any CPU.ActiveCfg = Debug|Any CPU
		{33ACE534-8A52-41FD-AB29-4D90C676CCE0}.Debug|Any CPU.Build.0 = Debug|Any CPU
		{33ACE534-8A52-41FD-AB29-4D90C676CCE0}.Release|Any CPU.ActiveCfg = Release|Any CPU
		{33ACE534-8A52-41FD-AB29-4D90C676CCE0}.Release|Any CPU.Build.0 = Release|Any CPU
		{2D43A723-04FE-488E-98AE-F59EA0315CE8}.Debug|Any CPU.ActiveCfg = Debug|Any CPU
		{2D43A723-04FE-488E-98AE-F59EA0315CE8}.Debug|Any CPU.Build.0 = Debug|Any CPU
		{2D43A723-04FE-488E-98AE-F59EA0315CE8}.Release|Any CPU.ActiveCfg = Release|Any CPU
		{2D43A723-04FE-488E-98AE-F59EA0315CE8}.Release|Any CPU.Build.0 = Release|Any CPU
		{A2A2ABD7-A7E0-4EB8-9E4E-D6BEA261C202}.Debug|Any CPU.ActiveCfg = Debug|Any CPU
		{A2A2ABD7-A7E0-4EB8-9E4E-D6BEA261C202}.Debug|Any CPU.Build.0 = Debug|Any CPU
		{A2A2ABD7-A7E0-4EB8-9E4E-D6BEA261C202}.Release|Any CPU.ActiveCfg = Release|Any CPU
		{A2A2ABD7-A7E0-4EB8-9E4E-D6BEA261C202}.Release|Any CPU.Build.0 = Release|Any CPU
		{A12ED0EE-2C15-4113-89BD-0A824787D527}.Debug|Any CPU.ActiveCfg = Debug|Any CPU
		{A12ED0EE-2C15-4113-89BD-0A824787D527}.Debug|Any CPU.Build.0 = Debug|Any CPU
		{A12ED0EE-2C15-4113-89BD-0A824787D527}.Release|Any CPU.ActiveCfg = Release|Any CPU
		{A12ED0EE-2C15-4113-89BD-0A824787D527}.Release|Any CPU.Build.0 = Release|Any CPU
		{F22B0F30-C28E-4E23-B11A-B9A6DBB0208F}.Debug|Any CPU.ActiveCfg = Debug|Any CPU
		{F22B0F30-C28E-4E23-B11A-B9A6DBB0208F}.Debug|Any CPU.Build.0 = Debug|Any CPU
		{F22B0F30-C28E-4E23-B11A-B9A6DBB0208F}.Release|Any CPU.ActiveCfg = Release|Any CPU
		{F22B0F30-C28E-4E23-B11A-B9A6DBB0208F}.Release|Any CPU.Build.0 = Release|Any CPU
		{3B109763-196A-408A-AB51-8BCBDA0EBE5B}.Debug|Any CPU.ActiveCfg = Debug|Any CPU
		{3B109763-196A-408A-AB51-8BCBDA0EBE5B}.Debug|Any CPU.Build.0 = Debug|Any CPU
		{3B109763-196A-408A-AB51-8BCBDA0EBE5B}.Release|Any CPU.ActiveCfg = Release|Any CPU
		{3B109763-196A-408A-AB51-8BCBDA0EBE5B}.Release|Any CPU.Build.0 = Release|Any CPU
		{D2CBC0B8-53CF-4D30-BD70-89D48C6528F9}.Debug|Any CPU.ActiveCfg = Debug|Any CPU
		{D2CBC0B8-53CF-4D30-BD70-89D48C6528F9}.Debug|Any CPU.Build.0 = Debug|Any CPU
		{D2CBC0B8-53CF-4D30-BD70-89D48C6528F9}.Release|Any CPU.ActiveCfg = Release|Any CPU
		{D2CBC0B8-53CF-4D30-BD70-89D48C6528F9}.Release|Any CPU.Build.0 = Release|Any CPU
		{06712AF6-89A0-4D3E-A427-4A6AF5E316C1}.Debug|Any CPU.ActiveCfg = Debug|Any CPU
		{06712AF6-89A0-4D3E-A427-4A6AF5E316C1}.Debug|Any CPU.Build.0 = Debug|Any CPU
		{06712AF6-89A0-4D3E-A427-4A6AF5E316C1}.Release|Any CPU.ActiveCfg = Release|Any CPU
		{06712AF6-89A0-4D3E-A427-4A6AF5E316C1}.Release|Any CPU.Build.0 = Release|Any CPU
		{00BBC4EF-2867-4CAD-B324-3825BE31C04C}.Debug|Any CPU.ActiveCfg = Debug|Any CPU
		{00BBC4EF-2867-4CAD-B324-3825BE31C04C}.Debug|Any CPU.Build.0 = Debug|Any CPU
		{00BBC4EF-2867-4CAD-B324-3825BE31C04C}.Release|Any CPU.ActiveCfg = Release|Any CPU
		{00BBC4EF-2867-4CAD-B324-3825BE31C04C}.Release|Any CPU.Build.0 = Release|Any CPU
		{6C9902E6-F9C6-4555-9762-93DB1B0A56C1}.Debug|Any CPU.ActiveCfg = Debug|Any CPU
		{6C9902E6-F9C6-4555-9762-93DB1B0A56C1}.Debug|Any CPU.Build.0 = Debug|Any CPU
		{6C9902E6-F9C6-4555-9762-93DB1B0A56C1}.Release|Any CPU.ActiveCfg = Release|Any CPU
		{6C9902E6-F9C6-4555-9762-93DB1B0A56C1}.Release|Any CPU.Build.0 = Release|Any CPU
		{63112C9F-501E-4794-8AD7-45F548216B06}.Debug|Any CPU.ActiveCfg = Debug|Any CPU
		{63112C9F-501E-4794-8AD7-45F548216B06}.Debug|Any CPU.Build.0 = Debug|Any CPU
		{63112C9F-501E-4794-8AD7-45F548216B06}.Release|Any CPU.ActiveCfg = Release|Any CPU
		{63112C9F-501E-4794-8AD7-45F548216B06}.Release|Any CPU.Build.0 = Release|Any CPU
		{40F64215-35FA-4850-9015-A171E3D23993}.Debug|Any CPU.ActiveCfg = Debug|Any CPU
		{40F64215-35FA-4850-9015-A171E3D23993}.Debug|Any CPU.Build.0 = Debug|Any CPU
		{40F64215-35FA-4850-9015-A171E3D23993}.Release|Any CPU.ActiveCfg = Release|Any CPU
		{40F64215-35FA-4850-9015-A171E3D23993}.Release|Any CPU.Build.0 = Release|Any CPU
		{1B20C2AC-55D2-4B19-B3C8-1BA8BF01D544}.Debug|Any CPU.ActiveCfg = Debug|Any CPU
		{1B20C2AC-55D2-4B19-B3C8-1BA8BF01D544}.Debug|Any CPU.Build.0 = Debug|Any CPU
		{1B20C2AC-55D2-4B19-B3C8-1BA8BF01D544}.Release|Any CPU.ActiveCfg = Release|Any CPU
		{1B20C2AC-55D2-4B19-B3C8-1BA8BF01D544}.Release|Any CPU.Build.0 = Release|Any CPU
	EndGlobalSection
	GlobalSection(SolutionProperties) = preSolution
		HideSolutionNode = FALSE
	EndGlobalSection
	GlobalSection(NestedProjects) = preSolution
		{2E539DB2-1E22-49D2-82D9-B0950A301480} = {456B9609-0A67-4FBF-AB42-893D98AC0ECB}
		{531E469A-8FC1-4845-8D9F-B0B5D23345C3} = {456B9609-0A67-4FBF-AB42-893D98AC0ECB}
		{8FB36B68-91C3-4423-B520-6C467E9E75CE} = {456B9609-0A67-4FBF-AB42-893D98AC0ECB}
		{1A03909A-7C27-4F21-97F7-3484F93C6D5D} = {456B9609-0A67-4FBF-AB42-893D98AC0ECB}
		{4581BFAE-AF2C-4860-A734-826978AAD69E} = {8FB36B68-91C3-4423-B520-6C467E9E75CE}
		{B91A4860-8CF5-4607-99D5-AA277414AA4A} = {4581BFAE-AF2C-4860-A734-826978AAD69E}
		{118C61C0-A14F-431C-85B1-2E0DAFC19CA4} = {456B9609-0A67-4FBF-AB42-893D98AC0ECB}
		{017DFE2E-43EE-4C58-A7EE-2D6B87D10CE9} = {456B9609-0A67-4FBF-AB42-893D98AC0ECB}
		{33ACE534-8A52-41FD-AB29-4D90C676CCE0} = {017DFE2E-43EE-4C58-A7EE-2D6B87D10CE9}
		{2D43A723-04FE-488E-98AE-F59EA0315CE8} = {456B9609-0A67-4FBF-AB42-893D98AC0ECB}
		{A2A2ABD7-A7E0-4EB8-9E4E-D6BEA261C202} = {456B9609-0A67-4FBF-AB42-893D98AC0ECB}
		{A12ED0EE-2C15-4113-89BD-0A824787D527} = {456B9609-0A67-4FBF-AB42-893D98AC0ECB}
		{F22B0F30-C28E-4E23-B11A-B9A6DBB0208F} = {91C9EAA2-86EA-4259-9852-119EB686DAF2}
		{456B9609-0A67-4FBF-AB42-893D98AC0ECB} = {91C9EAA2-86EA-4259-9852-119EB686DAF2}
		{3B19A80C-85C0-44FB-B686-AE81FA9DA9B4} = {91C9EAA2-86EA-4259-9852-119EB686DAF2}
		{3B109763-196A-408A-AB51-8BCBDA0EBE5B} = {3B19A80C-85C0-44FB-B686-AE81FA9DA9B4}
		{DF0607EB-D291-498A-8A21-C360F485B6A0} = {91C9EAA2-86EA-4259-9852-119EB686DAF2}
		{D2CBC0B8-53CF-4D30-BD70-89D48C6528F9} = {DF0607EB-D291-498A-8A21-C360F485B6A0}
		{58A5DE3C-61D0-40FB-9981-6150C38C0332} = {91C9EAA2-86EA-4259-9852-119EB686DAF2}
		{06712AF6-89A0-4D3E-A427-4A6AF5E316C1} = {58A5DE3C-61D0-40FB-9981-6150C38C0332}
		{00BBC4EF-2867-4CAD-B324-3825BE31C04C} = {3B19A80C-85C0-44FB-B686-AE81FA9DA9B4}
		{6C9902E6-F9C6-4555-9762-93DB1B0A56C1} = {58A5DE3C-61D0-40FB-9981-6150C38C0332}
		{63112C9F-501E-4794-8AD7-45F548216B06} = {DF0607EB-D291-498A-8A21-C360F485B6A0}
		{D4B6ADA6-6405-47B5-8987-5D13C0B91CD0} = {91C9EAA2-86EA-4259-9852-119EB686DAF2}
		{40F64215-35FA-4850-9015-A171E3D23993} = {D4B6ADA6-6405-47B5-8987-5D13C0B91CD0}
		{1B20C2AC-55D2-4B19-B3C8-1BA8BF01D544} = {91C9EAA2-86EA-4259-9852-119EB686DAF2}
	EndGlobalSection
	GlobalSection(ExtensibilityGlobals) = postSolution
		SolutionGuid = {7BD7ED15-FE43-4DE4-8B0A-0F3134F209F7}
	EndGlobalSection
EndGlobal
