
Microsoft Visual Studio Solution File, Format Version 12.00
# Visual Studio 15
VisualStudioVersion = 15.0.28010.2046
MinimumVisualStudioVersion = 10.0.40219.1
Project("{2150E333-8FDC-42A3-9474-1A3956D46DE8}") = "src", "src", "{91C9EAA2-86EA-4259-9852-119EB686DAF2}"
EndProject
Project("{FAE04EC0-301F-11D3-BF4B-00C04F79EFBC}") = "Saki", "src\Saki\Saki.csproj", "{2E539DB2-1E22-49D2-82D9-B0950A301480}"
EndProject
Project("{FAE04EC0-301F-11D3-BF4B-00C04F79EFBC}") = "Saki.Tree", "src\Saki.Tree\Saki.Tree.csproj", "{7599C0B5-0178-4642-9207-C280598FD5FD}"
EndProject
Project("{FAE04EC0-301F-11D3-BF4B-00C04F79EFBC}") = "Saki.Test.Automation.Web", "src\Saki.Test.Automation.Web\Saki.Test.Automation.Web.csproj", "{31584B52-8DA7-4C74-8215-8F5EFDDCC8AD}"
EndProject
Project("{FAE04EC0-301F-11D3-BF4B-00C04F79EFBC}") = "Saki.Tree.WebElements", "src\Saki.Tree.WebElements\Saki.Tree.WebElements.csproj", "{61853E59-39EE-472B-8803-C666E486F832}"
EndProject
Global
	GlobalSection(SolutionConfigurationPlatforms) = preSolution
		Debug|Any CPU = Debug|Any CPU
		Release|Any CPU = Release|Any CPU
	EndGlobalSection
	GlobalSection(ProjectConfigurationPlatforms) = postSolution
		{2E539DB2-1E22-49D2-82D9-B0950A301480}.Debug|Any CPU.ActiveCfg = Debug|Any CPU
		{2E539DB2-1E22-49D2-82D9-B0950A301480}.Debug|Any CPU.Build.0 = Debug|Any CPU
		{2E539DB2-1E22-49D2-82D9-B0950A301480}.Release|Any CPU.ActiveCfg = Release|Any CPU
		{2E539DB2-1E22-49D2-82D9-B0950A301480}.Release|Any CPU.Build.0 = Release|Any CPU
		{7599C0B5-0178-4642-9207-C280598FD5FD}.Debug|Any CPU.ActiveCfg = Debug|Any CPU
		{7599C0B5-0178-4642-9207-C280598FD5FD}.Debug|Any CPU.Build.0 = Debug|Any CPU
		{7599C0B5-0178-4642-9207-C280598FD5FD}.Release|Any CPU.ActiveCfg = Release|Any CPU
		{7599C0B5-0178-4642-9207-C280598FD5FD}.Release|Any CPU.Build.0 = Release|Any CPU
		{31584B52-8DA7-4C74-8215-8F5EFDDCC8AD}.Debug|Any CPU.ActiveCfg = Debug|Any CPU
		{31584B52-8DA7-4C74-8215-8F5EFDDCC8AD}.Debug|Any CPU.Build.0 = Debug|Any CPU
		{31584B52-8DA7-4C74-8215-8F5EFDDCC8AD}.Release|Any CPU.ActiveCfg = Release|Any CPU
		{31584B52-8DA7-4C74-8215-8F5EFDDCC8AD}.Release|Any CPU.Build.0 = Release|Any CPU
		{61853E59-39EE-472B-8803-C666E486F832}.Debug|Any CPU.ActiveCfg = Debug|Any CPU
		{61853E59-39EE-472B-8803-C666E486F832}.Debug|Any CPU.Build.0 = Debug|Any CPU
		{61853E59-39EE-472B-8803-C666E486F832}.Release|Any CPU.ActiveCfg = Release|Any CPU
		{61853E59-39EE-472B-8803-C666E486F832}.Release|Any CPU.Build.0 = Release|Any CPU
	EndGlobalSection
	GlobalSection(SolutionProperties) = preSolution
		HideSolutionNode = FALSE
	EndGlobalSection
	GlobalSection(NestedProjects) = preSolution
		{2E539DB2-1E22-49D2-82D9-B0950A301480} = {91C9EAA2-86EA-4259-9852-119EB686DAF2}
		{7599C0B5-0178-4642-9207-C280598FD5FD} = {91C9EAA2-86EA-4259-9852-119EB686DAF2}
		{31584B52-8DA7-4C74-8215-8F5EFDDCC8AD} = {91C9EAA2-86EA-4259-9852-119EB686DAF2}
		{61853E59-39EE-472B-8803-C666E486F832} = {91C9EAA2-86EA-4259-9852-119EB686DAF2}
	EndGlobalSection
	GlobalSection(ExtensibilityGlobals) = postSolution
		SolutionGuid = {7BD7ED15-FE43-4DE4-8B0A-0F3134F209F7}
	EndGlobalSection
EndGlobal
