
Microsoft Visual Studio Solution File, Format Version 12.00
# Visual Studio 15
VisualStudioVersion = 15.0.28010.2046
MinimumVisualStudioVersion = 10.0.40219.1
Project("{2150E333-8FDC-42A3-9474-1A3956D46DE8}") = "src", "src", "{91C9EAA2-86EA-4259-9852-119EB686DAF2}"
EndProject
Project("{FAE04EC0-301F-11D3-BF4B-00C04F79EFBC}") = "Saki", "src\Saki\Saki.csproj", "{2E539DB2-1E22-49D2-82D9-B0950A301480}"
EndProject
Project("{FAE04EC0-301F-11D3-BF4B-00C04F79EFBC}") = "Saki.Common", "src\Saki.Common\Saki.Common.csproj", "{531E469A-8FC1-4845-8D9F-B0B5D23345C3}"
EndProject
Project("{2150E333-8FDC-42A3-9474-1A3956D46DE8}") = "Extensions", "Extensions", "{8FB36B68-91C3-4423-B520-6C467E9E75CE}"
EndProject
Project("{FAE04EC0-301F-11D3-BF4B-00C04F79EFBC}") = "Saki.Core", "src\Saki.Core\Saki.Core.csproj", "{1A03909A-7C27-4F21-97F7-3484F93C6D5D}"
EndProject
Project("{2150E333-8FDC-42A3-9474-1A3956D46DE8}") = "SakiProject", "SakiProject", "{4581BFAE-AF2C-4860-A734-826978AAD69E}"
EndProject
Project("{FAE04EC0-301F-11D3-BF4B-00C04F79EFBC}") = "Saki.Extensions.SakiProject", "src\Extensions\SakiProject\Saki.Extensions.SakiProject\Saki.Extensions.SakiProject.csproj", "{B91A4860-8CF5-4607-99D5-AA277414AA4A}"
EndProject
Project("{FAE04EC0-301F-11D3-BF4B-00C04F79EFBC}") = "Saki.Console", "src\Saki.Console\Saki.Console.csproj", "{118C61C0-A14F-431C-85B1-2E0DAFC19CA4}"
EndProject
Global
	GlobalSection(SolutionConfigurationPlatforms) = preSolution
		Debug|Any CPU = Debug|Any CPU
		Release|Any CPU = Release|Any CPU
	EndGlobalSection
	GlobalSection(ProjectConfigurationPlatforms) = postSolution
		{2E539DB2-1E22-49D2-82D9-B0950A301480}.Debug|Any CPU.ActiveCfg = Debug|Any CPU
		{2E539DB2-1E22-49D2-82D9-B0950A301480}.Debug|Any CPU.Build.0 = Debug|Any CPU
		{2E539DB2-1E22-49D2-82D9-B0950A301480}.Release|Any CPU.ActiveCfg = Release|Any CPU
		{2E539DB2-1E22-49D2-82D9-B0950A301480}.Release|Any CPU.Build.0 = Release|Any CPU
		{531E469A-8FC1-4845-8D9F-B0B5D23345C3}.Debug|Any CPU.ActiveCfg = Debug|Any CPU
		{531E469A-8FC1-4845-8D9F-B0B5D23345C3}.Debug|Any CPU.Build.0 = Debug|Any CPU
		{531E469A-8FC1-4845-8D9F-B0B5D23345C3}.Release|Any CPU.ActiveCfg = Release|Any CPU
		{531E469A-8FC1-4845-8D9F-B0B5D23345C3}.Release|Any CPU.Build.0 = Release|Any CPU
		{1A03909A-7C27-4F21-97F7-3484F93C6D5D}.Debug|Any CPU.ActiveCfg = Debug|Any CPU
		{1A03909A-7C27-4F21-97F7-3484F93C6D5D}.Debug|Any CPU.Build.0 = Debug|Any CPU
		{1A03909A-7C27-4F21-97F7-3484F93C6D5D}.Release|Any CPU.ActiveCfg = Release|Any CPU
		{1A03909A-7C27-4F21-97F7-3484F93C6D5D}.Release|Any CPU.Build.0 = Release|Any CPU
		{B91A4860-8CF5-4607-99D5-AA277414AA4A}.Debug|Any CPU.ActiveCfg = Debug|Any CPU
		{B91A4860-8CF5-4607-99D5-AA277414AA4A}.Debug|Any CPU.Build.0 = Debug|Any CPU
		{B91A4860-8CF5-4607-99D5-AA277414AA4A}.Release|Any CPU.ActiveCfg = Release|Any CPU
		{B91A4860-8CF5-4607-99D5-AA277414AA4A}.Release|Any CPU.Build.0 = Release|Any CPU
		{118C61C0-A14F-431C-85B1-2E0DAFC19CA4}.Debug|Any CPU.ActiveCfg = Debug|Any CPU
		{118C61C0-A14F-431C-85B1-2E0DAFC19CA4}.Debug|Any CPU.Build.0 = Debug|Any CPU
		{118C61C0-A14F-431C-85B1-2E0DAFC19CA4}.Release|Any CPU.ActiveCfg = Release|Any CPU
		{118C61C0-A14F-431C-85B1-2E0DAFC19CA4}.Release|Any CPU.Build.0 = Release|Any CPU
	EndGlobalSection
	GlobalSection(SolutionProperties) = preSolution
		HideSolutionNode = FALSE
	EndGlobalSection
	GlobalSection(NestedProjects) = preSolution
		{2E539DB2-1E22-49D2-82D9-B0950A301480} = {91C9EAA2-86EA-4259-9852-119EB686DAF2}
		{531E469A-8FC1-4845-8D9F-B0B5D23345C3} = {91C9EAA2-86EA-4259-9852-119EB686DAF2}
		{8FB36B68-91C3-4423-B520-6C467E9E75CE} = {91C9EAA2-86EA-4259-9852-119EB686DAF2}
		{1A03909A-7C27-4F21-97F7-3484F93C6D5D} = {91C9EAA2-86EA-4259-9852-119EB686DAF2}
		{4581BFAE-AF2C-4860-A734-826978AAD69E} = {8FB36B68-91C3-4423-B520-6C467E9E75CE}
		{B91A4860-8CF5-4607-99D5-AA277414AA4A} = {4581BFAE-AF2C-4860-A734-826978AAD69E}
		{118C61C0-A14F-431C-85B1-2E0DAFC19CA4} = {91C9EAA2-86EA-4259-9852-119EB686DAF2}
	EndGlobalSection
	GlobalSection(ExtensibilityGlobals) = postSolution
		SolutionGuid = {7BD7ED15-FE43-4DE4-8B0A-0F3134F209F7}
	EndGlobalSection
EndGlobal
